
Microsoft Visual Studio Solution File, Format Version 12.00
# Visual Studio Version 17
VisualStudioVersion = 17.8.34316.72
MinimumVisualStudioVersion = 10.0.40219.1
Project("{FAE04EC0-301F-11D3-BF4B-00C04F79EFBC}") = "S10257825_App", "S10257825_App\S10257825_App.csproj", "{04A6411E-6A33-4B0A-AD84-74E5D4798C87}"
EndProject
Global
	GlobalSection(SolutionConfigurationPlatforms) = preSolution
		Debug|Any CPU = Debug|Any CPU
		Release|Any CPU = Release|Any CPU
	EndGlobalSection
	GlobalSection(ProjectConfigurationPlatforms) = postSolution
		{04A6411E-6A33-4B0A-AD84-74E5D4798C87}.Debug|Any CPU.ActiveCfg = Debug|Any CPU
		{04A6411E-6A33-4B0A-AD84-74E5D4798C87}.Debug|Any CPU.Build.0 = Debug|Any CPU
		{04A6411E-6A33-4B0A-AD84-74E5D4798C87}.Release|Any CPU.ActiveCfg = Release|Any CPU
		{04A6411E-6A33-4B0A-AD84-74E5D4798C87}.Release|Any CPU.Build.0 = Release|Any CPU
	EndGlobalSection
	GlobalSection(SolutionProperties) = preSolution
		HideSolutionNode = FALSE
	EndGlobalSection
	GlobalSection(ExtensibilityGlobals) = postSolution
		SolutionGuid = {90983F9C-08E0-43AD-ACF8-4DD80AF19856}
	EndGlobalSection
EndGlobal
